{
  "nodes": {
    "home-manager": {
      "inputs": {
        "nixpkgs": [
          "nixpkgs"
        ]
      },
      "locked": {
        "lastModified": 1734344598,
        "narHash": "sha256-wNX3hsScqDdqKWOO87wETUEi7a/QlPVgpC/Lh5rFOuA=",
        "owner": "nix-community",
        "repo": "home-manager",
        "rev": "83ecd50915a09dca928971139d3a102377a8d242",
        "type": "github"
      },
      "original": {
        "owner": "nix-community",
        "repo": "home-manager",
        "type": "github"
      }
    },
    "nixpkgs": {
      "locked": {
        "lastModified": 1734440873,
        "narHash": "sha256-ZhPCIToOaFLUS0pV0t8qvlc9PtPJ0GQk5jJ/QUJgrW4=",
        "owner": "NixOS",
        "repo": "nixpkgs",
        "rev": "4cef82da6ad8005fa9446851d9c3063f029ad3b8",
        "type": "github"
      },
      "original": {
        "owner": "NixOS",
        "ref": "master",
        "repo": "nixpkgs",
        "type": "github"
      }
    },
    "nixpkgs-latest": {
      "locked": {
        "lastModified": 1734440873,
        "narHash": "sha256-ZhPCIToOaFLUS0pV0t8qvlc9PtPJ0GQk5jJ/QUJgrW4=",
        "owner": "NixOS",
        "repo": "nixpkgs",
        "rev": "4cef82da6ad8005fa9446851d9c3063f029ad3b8",
        "type": "github"
      },
      "original": {
        "owner": "NixOS",
        "ref": "master",
        "repo": "nixpkgs",
        "type": "github"
      }
    },
    "root": {
      "inputs": {
        "home-manager": "home-manager",
        "nixpkgs": "nixpkgs",
        "nixpkgs-latest": "nixpkgs-latest"
      }
    }
  },
  "root": "root",
  "version": 7
}
